
Microsoft Visual Studio Solution File, Format Version 12.00
# Visual Studio Version 17
VisualStudioVersion = 17.14.36518.9 d17.14
MinimumVisualStudioVersion = 10.0.40219.1
Project("{FAE04EC0-301F-11D3-BF4B-00C04F79EFBC}") = "HushchynFinalTask", "HushchynFinalTask\HushchynFinalTask.csproj", "{C95AB8EB-F9B3-4AE3-896D-B47A6DA2A16E}"
EndProject
Global
	GlobalSection(SolutionConfigurationPlatforms) = preSolution
		Debug|Any CPU = Debug|Any CPU
		Release|Any CPU = Release|Any CPU
	EndGlobalSection
	GlobalSection(ProjectConfigurationPlatforms) = postSolution
		{C95AB8EB-F9B3-4AE3-896D-B47A6DA2A16E}.Debug|Any CPU.ActiveCfg = Debug|Any CPU
		{C95AB8EB-F9B3-4AE3-896D-B47A6DA2A16E}.Debug|Any CPU.Build.0 = Debug|Any CPU
		{C95AB8EB-F9B3-4AE3-896D-B47A6DA2A16E}.Release|Any CPU.ActiveCfg = Release|Any CPU
		{C95AB8EB-F9B3-4AE3-896D-B47A6DA2A16E}.Release|Any CPU.Build.0 = Release|Any CPU
	EndGlobalSection
	GlobalSection(SolutionProperties) = preSolution
		HideSolutionNode = FALSE
	EndGlobalSection
	GlobalSection(ExtensibilityGlobals) = postSolution
		SolutionGuid = {0B87DE80-8C3E-4363-8335-24A37D7713D8}
	EndGlobalSection
EndGlobal
